
Microsoft Visual Studio Solution File, Format Version 12.00
# Visual Studio Version 17
VisualStudioVersion = 17.14.36414.22 d17.14
MinimumVisualStudioVersion = 10.0.40219.1
Project("{FAE04EC0-301F-11D3-BF4B-00C04F79EFBC}") = "BlazorApp3", "BlazorApp3\BlazorApp3\BlazorApp3.csproj", "{FBB527EB-FD1F-4516-A5F7-1DEAE6A2C82D}"
EndProject
Project("{FAE04EC0-301F-11D3-BF4B-00C04F79EFBC}") = "BlazorApp3.Client", "BlazorApp3\BlazorApp3.Client\BlazorApp3.Client.csproj", "{997044FB-D392-46DC-A6EF-0397328F9626}"
EndProject
Project("{E53339B2-1760-4266-BCC7-CA923CBCF16C}") = "docker-compose", "docker-compose.dcproj", "{81DDED9D-158B-E303-5F62-77A2896D2A5A}"
EndProject
Global
	GlobalSection(SolutionConfigurationPlatforms) = preSolution
		Debug|Any CPU = Debug|Any CPU
		Release|Any CPU = Release|Any CPU
	EndGlobalSection
	GlobalSection(ProjectConfigurationPlatforms) = postSolution
		{FBB527EB-FD1F-4516-A5F7-1DEAE6A2C82D}.Debug|Any CPU.ActiveCfg = Debug|Any CPU
		{FBB527EB-FD1F-4516-A5F7-1DEAE6A2C82D}.Debug|Any CPU.Build.0 = Debug|Any CPU
		{FBB527EB-FD1F-4516-A5F7-1DEAE6A2C82D}.Release|Any CPU.ActiveCfg = Release|Any CPU
		{FBB527EB-FD1F-4516-A5F7-1DEAE6A2C82D}.Release|Any CPU.Build.0 = Release|Any CPU
		{997044FB-D392-46DC-A6EF-0397328F9626}.Debug|Any CPU.ActiveCfg = Debug|Any CPU
		{997044FB-D392-46DC-A6EF-0397328F9626}.Debug|Any CPU.Build.0 = Debug|Any CPU
		{997044FB-D392-46DC-A6EF-0397328F9626}.Release|Any CPU.ActiveCfg = Release|Any CPU
		{997044FB-D392-46DC-A6EF-0397328F9626}.Release|Any CPU.Build.0 = Release|Any CPU
		{81DDED9D-158B-E303-5F62-77A2896D2A5A}.Debug|Any CPU.ActiveCfg = Debug|Any CPU
		{81DDED9D-158B-E303-5F62-77A2896D2A5A}.Debug|Any CPU.Build.0 = Debug|Any CPU
		{81DDED9D-158B-E303-5F62-77A2896D2A5A}.Release|Any CPU.ActiveCfg = Release|Any CPU
		{81DDED9D-158B-E303-5F62-77A2896D2A5A}.Release|Any CPU.Build.0 = Release|Any CPU
	EndGlobalSection
	GlobalSection(SolutionProperties) = preSolution
		HideSolutionNode = FALSE
	EndGlobalSection
	GlobalSection(ExtensibilityGlobals) = postSolution
		SolutionGuid = {8A465373-EFFC-4213-AE26-B2343E89AA71}
	EndGlobalSection
EndGlobal
